
Microsoft Visual Studio Solution File, Format Version 12.00
# Visual Studio 15
VisualStudioVersion = 15.0.28307.271
MinimumVisualStudioVersion = 10.0.40219.1
Project("{FAE04EC0-301F-11D3-BF4B-00C04F79EFBC}") = "IoTMessenger-Android.Android", "IoTMessenger-Android\IoTMessenger-Android.Android\IoTMessenger-Android.Android.csproj", "{83D0C580-A603-4F08-9F6E-80518C5B2535}"
EndProject
Project("{FAE04EC0-301F-11D3-BF4B-00C04F79EFBC}") = "IoTMessenger-Android", "IoTMessenger-Android\IoTMessenger-Android\IoTMessenger-Android.csproj", "{6DFB0165-0F44-4521-A558-0363BF9820D8}"
EndProject
Global
	GlobalSection(SolutionConfigurationPlatforms) = preSolution
		Debug|Any CPU = Debug|Any CPU
		Release|Any CPU = Release|Any CPU
	EndGlobalSection
	GlobalSection(ProjectConfigurationPlatforms) = postSolution
		{83D0C580-A603-4F08-9F6E-80518C5B2535}.Debug|Any CPU.ActiveCfg = Debug|Any CPU
		{83D0C580-A603-4F08-9F6E-80518C5B2535}.Debug|Any CPU.Build.0 = Debug|Any CPU
		{83D0C580-A603-4F08-9F6E-80518C5B2535}.Debug|Any CPU.Deploy.0 = Debug|Any CPU
		{83D0C580-A603-4F08-9F6E-80518C5B2535}.Release|Any CPU.ActiveCfg = Release|Any CPU
		{83D0C580-A603-4F08-9F6E-80518C5B2535}.Release|Any CPU.Build.0 = Release|Any CPU
		{83D0C580-A603-4F08-9F6E-80518C5B2535}.Release|Any CPU.Deploy.0 = Release|Any CPU
		{6DFB0165-0F44-4521-A558-0363BF9820D8}.Debug|Any CPU.ActiveCfg = Debug|Any CPU
		{6DFB0165-0F44-4521-A558-0363BF9820D8}.Debug|Any CPU.Build.0 = Debug|Any CPU
		{6DFB0165-0F44-4521-A558-0363BF9820D8}.Release|Any CPU.ActiveCfg = Release|Any CPU
		{6DFB0165-0F44-4521-A558-0363BF9820D8}.Release|Any CPU.Build.0 = Release|Any CPU
	EndGlobalSection
	GlobalSection(SolutionProperties) = preSolution
		HideSolutionNode = FALSE
	EndGlobalSection
	GlobalSection(ExtensibilityGlobals) = postSolution
		SolutionGuid = {32ED203B-5EED-453B-8351-B08628629123}
	EndGlobalSection
EndGlobal
